// !$*UTF8*$!
{
	archiveVersion = 1;
	classes = {
	};
	objectVersion = 48;
	objects = {

/* Begin PBXBuildFile section */
		0033E736205D416B00FDD501 /* HeaderView.swift in Sources */ = {isa = PBXBuildFile; fileRef = 0033E734205D416B00FDD501 /* HeaderView.swift */; };
		0033E737205D416B00FDD501 /* HeaderView.xib in Resources */ = {isa = PBXBuildFile; fileRef = 0033E735205D416B00FDD501 /* HeaderView.xib */; };
		005804D120430B5C0055F42F /* SingleEventController.swift in Sources */ = {isa = PBXBuildFile; fileRef = 005804D020430B5C0055F42F /* SingleEventController.swift */; };
		00F18DFD205559CF0048479E /* DropDownController.swift in Sources */ = {isa = PBXBuildFile; fileRef = 00F18DFC205559CF0048479E /* DropDownController.swift */; };
		5D0B822B205978A000F719E4 /* aboutController.swift in Sources */ = {isa = PBXBuildFile; fileRef = 5D0B822A205978A000F719E4 /* aboutController.swift */; };
		5D2CD57620343E7E0023073E /* favoritesController.swift in Sources */ = {isa = PBXBuildFile; fileRef = 5D2CD57520343E7E0023073E /* favoritesController.swift */; };
		5D2CD5782034463C0023073E /* cellFavoritesController.swift in Sources */ = {isa = PBXBuildFile; fileRef = 5D2CD5772034463C0023073E /* cellFavoritesController.swift */; };
		5D5060032031E31D009F7E03 /* categories.json in Resources */ = {isa = PBXBuildFile; fileRef = 5D5060002031E31D009F7E03 /* categories.json */; };
		5D5060042031E31D009F7E03 /* events.json in Resources */ = {isa = PBXBuildFile; fileRef = 5D5060012031E31D009F7E03 /* events.json */; };
		5D5060052031E31D009F7E03 /* places.json in Resources */ = {isa = PBXBuildFile; fileRef = 5D5060022031E31D009F7E03 /* places.json */; };
		5D50600A2031E456009F7E03 /* ModelController.swift in Sources */ = {isa = PBXBuildFile; fileRef = 5D5060092031E456009F7E03 /* ModelController.swift */; };
		5D6F768120331D980045D582 /* dateFormatter.swift in Sources */ = {isa = PBXBuildFile; fileRef = 5D6F768020331D980045D582 /* dateFormatter.swift */; };
		5D6F768620331F000045D582 /* cellAllEventsController.swift in Sources */ = {isa = PBXBuildFile; fileRef = 5D6F768520331F000045D582 /* cellAllEventsController.swift */; };
		5D73FE1C2032F80B007FB93A /* allEvents.storyboard in Resources */ = {isa = PBXBuildFile; fileRef = 5D73FE1B2032F80B007FB93A /* allEvents.storyboard */; };
		5D73FE1E2032F90B007FB93A /* about.storyboard in Resources */ = {isa = PBXBuildFile; fileRef = 5D73FE1D2032F90B007FB93A /* about.storyboard */; };
		5D73FE202032FA7E007FB93A /* home.storyboard in Resources */ = {isa = PBXBuildFile; fileRef = 5D73FE1F2032FA7E007FB93A /* home.storyboard */; };
		5D73FE222032FA91007FB93A /* singleEvent.storyboard in Resources */ = {isa = PBXBuildFile; fileRef = 5D73FE212032FA91007FB93A /* singleEvent.storyboard */; };
		5D73FE242032FA9D007FB93A /* favorites.storyboard in Resources */ = {isa = PBXBuildFile; fileRef = 5D73FE232032FA9D007FB93A /* favorites.storyboard */; };
		5D73FE2820330102007FB93A /* allEventsController.swift in Sources */ = {isa = PBXBuildFile; fileRef = 5D73FE2720330102007FB93A /* allEventsController.swift */; };
		5D98A3D020348081004ACDBD /* colors.swift in Sources */ = {isa = PBXBuildFile; fileRef = 5D98A3CF20348081004ACDBD /* colors.swift */; };
		5DAA45402031DEE500A7408E /* AppDelegate.swift in Sources */ = {isa = PBXBuildFile; fileRef = 5DAA453F2031DEE500A7408E /* AppDelegate.swift */; };
		5DAA45452031DEE500A7408E /* Main.storyboard in Resources */ = {isa = PBXBuildFile; fileRef = 5DAA45432031DEE500A7408E /* Main.storyboard */; };
		5DAA454A2031DEE500A7408E /* LaunchScreen.storyboard in Resources */ = {isa = PBXBuildFile; fileRef = 5DAA45482031DEE500A7408E /* LaunchScreen.storyboard */; };
		5DAA45522031E11500A7408E /* TableViewController.swift in Sources */ = {isa = PBXBuildFile; fileRef = 5DAA45512031E11500A7408E /* TableViewController.swift */; };
		5DDDE66B205A6F8B00ECD84F /* TabBarController.swift in Sources */ = {isa = PBXBuildFile; fileRef = 5DDDE66A205A6F8B00ECD84F /* TabBarController.swift */; };
		A1136DCA205C3BAD00EEA509 /* AboutTransportViewController.swift in Sources */ = {isa = PBXBuildFile; fileRef = A1136DC9205C3BAD00EEA509 /* AboutTransportViewController.swift */; };
		A1136DCC205C3D2000EEA509 /* AboutTransportCollectionViewCell.swift in Sources */ = {isa = PBXBuildFile; fileRef = A1136DCB205C3D2000EEA509 /* AboutTransportCollectionViewCell.swift */; };
		A11B5D82205BE36D00236FAF /* HomeNavigtionController.swift in Sources */ = {isa = PBXBuildFile; fileRef = A11B5D81205BE36D00236FAF /* HomeNavigtionController.swift */; };
		A13057EA203340F4003246AF /* HomeController.swift in Sources */ = {isa = PBXBuildFile; fileRef = A13057E9203340F4003246AF /* HomeController.swift */; };
		A13057EC20334188003246AF /* HomeCollectionViewCell.swift in Sources */ = {isa = PBXBuildFile; fileRef = A13057EB20334188003246AF /* HomeCollectionViewCell.swift */; };
		A16C69D8205AEE8900DFA1CC /* Extensions.swift in Sources */ = {isa = PBXBuildFile; fileRef = A16C69D7205AEE8900DFA1CC /* Extensions.swift */; };
		A16CA5A6203C8104007ADAB4 /* Assets.xcassets in Resources */ = {isa = PBXBuildFile; fileRef = A16CA5A5203C8104007ADAB4 /* Assets.xcassets */; };
		A1FABCD020568BD70001F3CE /* HomeHeaderViewController.swift in Sources */ = {isa = PBXBuildFile; fileRef = A1FABCCF20568BD70001F3CE /* HomeHeaderViewController.swift */; };
		A1FD4E39203C36FF002700B9 /* Raleway-Black.ttf in Resources */ = {isa = PBXBuildFile; fileRef = A1FD4E27203C36FF002700B9 /* Raleway-Black.ttf */; };
		A1FD4E3A203C36FF002700B9 /* Raleway-BlackItalic.ttf in Resources */ = {isa = PBXBuildFile; fileRef = A1FD4E28203C36FF002700B9 /* Raleway-BlackItalic.ttf */; };
		A1FD4E3B203C36FF002700B9 /* Raleway-Bold.ttf in Resources */ = {isa = PBXBuildFile; fileRef = A1FD4E29203C36FF002700B9 /* Raleway-Bold.ttf */; };
		A1FD4E3C203C36FF002700B9 /* Raleway-BoldItalic.ttf in Resources */ = {isa = PBXBuildFile; fileRef = A1FD4E2A203C36FF002700B9 /* Raleway-BoldItalic.ttf */; };
		A1FD4E3D203C36FF002700B9 /* Raleway-ExtraBold.ttf in Resources */ = {isa = PBXBuildFile; fileRef = A1FD4E2B203C36FF002700B9 /* Raleway-ExtraBold.ttf */; };
		A1FD4E3E203C36FF002700B9 /* Raleway-ExtraBoldItalic.ttf in Resources */ = {isa = PBXBuildFile; fileRef = A1FD4E2C203C36FF002700B9 /* Raleway-ExtraBoldItalic.ttf */; };
		A1FD4E3F203C36FF002700B9 /* Raleway-ExtraLight.ttf in Resources */ = {isa = PBXBuildFile; fileRef = A1FD4E2D203C36FF002700B9 /* Raleway-ExtraLight.ttf */; };
		A1FD4E40203C36FF002700B9 /* Raleway-ExtraLightItalic.ttf in Resources */ = {isa = PBXBuildFile; fileRef = A1FD4E2E203C36FF002700B9 /* Raleway-ExtraLightItalic.ttf */; };
		A1FD4E41203C36FF002700B9 /* Raleway-Italic.ttf in Resources */ = {isa = PBXBuildFile; fileRef = A1FD4E2F203C36FF002700B9 /* Raleway-Italic.ttf */; };
		A1FD4E42203C36FF002700B9 /* Raleway-Light.ttf in Resources */ = {isa = PBXBuildFile; fileRef = A1FD4E30203C36FF002700B9 /* Raleway-Light.ttf */; };
		A1FD4E43203C36FF002700B9 /* Raleway-LightItalic.ttf in Resources */ = {isa = PBXBuildFile; fileRef = A1FD4E31203C36FF002700B9 /* Raleway-LightItalic.ttf */; };
		A1FD4E44203C36FF002700B9 /* Raleway-Medium.ttf in Resources */ = {isa = PBXBuildFile; fileRef = A1FD4E32203C36FF002700B9 /* Raleway-Medium.ttf */; };
		A1FD4E45203C36FF002700B9 /* Raleway-MediumItalic.ttf in Resources */ = {isa = PBXBuildFile; fileRef = A1FD4E33203C36FF002700B9 /* Raleway-MediumItalic.ttf */; };
		A1FD4E46203C36FF002700B9 /* Raleway-Regular.ttf in Resources */ = {isa = PBXBuildFile; fileRef = A1FD4E34203C36FF002700B9 /* Raleway-Regular.ttf */; };
		A1FD4E47203C36FF002700B9 /* Raleway-SemiBold.ttf in Resources */ = {isa = PBXBuildFile; fileRef = A1FD4E35203C36FF002700B9 /* Raleway-SemiBold.ttf */; };
		A1FD4E48203C36FF002700B9 /* Raleway-SemiBoldItalic.ttf in Resources */ = {isa = PBXBuildFile; fileRef = A1FD4E36203C36FF002700B9 /* Raleway-SemiBoldItalic.ttf */; };
		A1FD4E49203C36FF002700B9 /* Raleway-Thin.ttf in Resources */ = {isa = PBXBuildFile; fileRef = A1FD4E37203C36FF002700B9 /* Raleway-Thin.ttf */; };
		A1FD4E4A203C36FF002700B9 /* Raleway-ThinItalic.ttf in Resources */ = {isa = PBXBuildFile; fileRef = A1FD4E38203C36FF002700B9 /* Raleway-ThinItalic.ttf */; };
		A1FD4E5E203C3913002700B9 /* Montserrat-Black.ttf in Resources */ = {isa = PBXBuildFile; fileRef = A1FD4E4C203C3913002700B9 /* Montserrat-Black.ttf */; };
		A1FD4E5F203C3913002700B9 /* Montserrat-BlackItalic.ttf in Resources */ = {isa = PBXBuildFile; fileRef = A1FD4E4D203C3913002700B9 /* Montserrat-BlackItalic.ttf */; };
		A1FD4E60203C3913002700B9 /* Montserrat-Bold.ttf in Resources */ = {isa = PBXBuildFile; fileRef = A1FD4E4E203C3913002700B9 /* Montserrat-Bold.ttf */; };
		A1FD4E61203C3913002700B9 /* Montserrat-BoldItalic.ttf in Resources */ = {isa = PBXBuildFile; fileRef = A1FD4E4F203C3913002700B9 /* Montserrat-BoldItalic.ttf */; };
		A1FD4E62203C3913002700B9 /* Montserrat-ExtraBold.ttf in Resources */ = {isa = PBXBuildFile; fileRef = A1FD4E50203C3913002700B9 /* Montserrat-ExtraBold.ttf */; };
		A1FD4E63203C3913002700B9 /* Montserrat-ExtraBoldItalic.ttf in Resources */ = {isa = PBXBuildFile; fileRef = A1FD4E51203C3913002700B9 /* Montserrat-ExtraBoldItalic.ttf */; };
		A1FD4E64203C3913002700B9 /* Montserrat-ExtraLight.ttf in Resources */ = {isa = PBXBuildFile; fileRef = A1FD4E52203C3913002700B9 /* Montserrat-ExtraLight.ttf */; };
		A1FD4E65203C3913002700B9 /* Montserrat-ExtraLightItalic.ttf in Resources */ = {isa = PBXBuildFile; fileRef = A1FD4E53203C3913002700B9 /* Montserrat-ExtraLightItalic.ttf */; };
		A1FD4E66203C3913002700B9 /* Montserrat-Italic.ttf in Resources */ = {isa = PBXBuildFile; fileRef = A1FD4E54203C3913002700B9 /* Montserrat-Italic.ttf */; };
		A1FD4E67203C3913002700B9 /* Montserrat-Light.ttf in Resources */ = {isa = PBXBuildFile; fileRef = A1FD4E55203C3913002700B9 /* Montserrat-Light.ttf */; };
		A1FD4E68203C3913002700B9 /* Montserrat-LightItalic.ttf in Resources */ = {isa = PBXBuildFile; fileRef = A1FD4E56203C3913002700B9 /* Montserrat-LightItalic.ttf */; };
		A1FD4E69203C3913002700B9 /* Montserrat-Medium.ttf in Resources */ = {isa = PBXBuildFile; fileRef = A1FD4E57203C3913002700B9 /* Montserrat-Medium.ttf */; };
		A1FD4E6A203C3913002700B9 /* Montserrat-MediumItalic.ttf in Resources */ = {isa = PBXBuildFile; fileRef = A1FD4E58203C3913002700B9 /* Montserrat-MediumItalic.ttf */; };
		A1FD4E6B203C3913002700B9 /* Montserrat-Regular.ttf in Resources */ = {isa = PBXBuildFile; fileRef = A1FD4E59203C3913002700B9 /* Montserrat-Regular.ttf */; };
		A1FD4E6C203C3913002700B9 /* Montserrat-SemiBold.ttf in Resources */ = {isa = PBXBuildFile; fileRef = A1FD4E5A203C3913002700B9 /* Montserrat-SemiBold.ttf */; };
		A1FD4E6D203C3913002700B9 /* Montserrat-SemiBoldItalic.ttf in Resources */ = {isa = PBXBuildFile; fileRef = A1FD4E5B203C3913002700B9 /* Montserrat-SemiBoldItalic.ttf */; };
		A1FD4E6E203C3913002700B9 /* Montserrat-Thin.ttf in Resources */ = {isa = PBXBuildFile; fileRef = A1FD4E5C203C3913002700B9 /* Montserrat-Thin.ttf */; };
		A1FD4E6F203C3913002700B9 /* Montserrat-ThinItalic.ttf in Resources */ = {isa = PBXBuildFile; fileRef = A1FD4E5D203C3913002700B9 /* Montserrat-ThinItalic.ttf */; };
		FA109CF720360E2100B54CAD /* HomeTableViewController.swift in Sources */ = {isa = PBXBuildFile; fileRef = FA109CF620360E2100B54CAD /* HomeTableViewController.swift */; };
		FA109CFA20364BC600B54CAD /* HomeMySelectionViewController.swift in Sources */ = {isa = PBXBuildFile; fileRef = FA109CF920364BC600B54CAD /* HomeMySelectionViewController.swift */; };
		FA109CFC20364DBE00B54CAD /* HomeMySelectionCollectionViewCell.swift in Sources */ = {isa = PBXBuildFile; fileRef = FA109CFB20364DBE00B54CAD /* HomeMySelectionCollectionViewCell.swift */; };
		FA109CFF2036605C00B54CAD /* HomeTodayViewController.swift in Sources */ = {isa = PBXBuildFile; fileRef = FA109CFE2036605C00B54CAD /* HomeTodayViewController.swift */; };
		FA109D012036618A00B54CAD /* HomeTodayCollectionViewCell.swift in Sources */ = {isa = PBXBuildFile; fileRef = FA109D002036618A00B54CAD /* HomeTodayCollectionViewCell.swift */; };
		FA109D042036672500B54CAD /* HomeTomorrowCollectionViewCell.swift in Sources */ = {isa = PBXBuildFile; fileRef = FA109D032036672500B54CAD /* HomeTomorrowCollectionViewCell.swift */; };
		FA109D062036676D00B54CAD /* HomeTomorrowViewController.swift in Sources */ = {isa = PBXBuildFile; fileRef = FA109D052036676D00B54CAD /* HomeTomorrowViewController.swift */; };
		FA6F7E24205EBEF2004131D6 /* HomeThirdDayViewController.swift in Sources */ = {isa = PBXBuildFile; fileRef = FA6F7E23205EBEF2004131D6 /* HomeThirdDayViewController.swift */; };
		FA6F7E26205EDB11004131D6 /* HomeThirdDayCollectionViewCell.swift in Sources */ = {isa = PBXBuildFile; fileRef = FA6F7E25205EDB11004131D6 /* HomeThirdDayCollectionViewCell.swift */; };
		FA894D7E205DD3A900339F8B /* transports.json in Resources */ = {isa = PBXBuildFile; fileRef = FA894D7D205DD3A900339F8B /* transports.json */; };
/* End PBXBuildFile section */

/* Begin PBXFileReference section */
		0033E734205D416B00FDD501 /* HeaderView.swift */ = {isa = PBXFileReference; lastKnownFileType = sourcecode.swift; path = HeaderView.swift; sourceTree = "<group>"; };
		0033E735205D416B00FDD501 /* HeaderView.xib */ = {isa = PBXFileReference; lastKnownFileType = file.xib; path = HeaderView.xib; sourceTree = "<group>"; };
		005804D020430B5C0055F42F /* SingleEventController.swift */ = {isa = PBXFileReference; lastKnownFileType = sourcecode.swift; path = SingleEventController.swift; sourceTree = "<group>"; };
		00F18DFC205559CF0048479E /* DropDownController.swift */ = {isa = PBXFileReference; lastKnownFileType = sourcecode.swift; path = DropDownController.swift; sourceTree = "<group>"; };
		5D0B822A205978A000F719E4 /* aboutController.swift */ = {isa = PBXFileReference; lastKnownFileType = sourcecode.swift; path = aboutController.swift; sourceTree = "<group>"; };
		5D2CD57520343E7E0023073E /* favoritesController.swift */ = {isa = PBXFileReference; lastKnownFileType = sourcecode.swift; path = favoritesController.swift; sourceTree = "<group>"; };
		5D2CD5772034463C0023073E /* cellFavoritesController.swift */ = {isa = PBXFileReference; lastKnownFileType = sourcecode.swift; path = cellFavoritesController.swift; sourceTree = "<group>"; };
		5D5060002031E31D009F7E03 /* categories.json */ = {isa = PBXFileReference; fileEncoding = 4; lastKnownFileType = text.json; path = categories.json; sourceTree = "<group>"; };
		5D5060012031E31D009F7E03 /* events.json */ = {isa = PBXFileReference; fileEncoding = 4; lastKnownFileType = text.json; path = events.json; sourceTree = "<group>"; };
		5D5060022031E31D009F7E03 /* places.json */ = {isa = PBXFileReference; fileEncoding = 4; lastKnownFileType = text.json; path = places.json; sourceTree = "<group>"; };
		5D5060092031E456009F7E03 /* ModelController.swift */ = {isa = PBXFileReference; lastKnownFileType = sourcecode.swift; path = ModelController.swift; sourceTree = "<group>"; };
		5D6F768020331D980045D582 /* dateFormatter.swift */ = {isa = PBXFileReference; lastKnownFileType = sourcecode.swift; path = dateFormatter.swift; sourceTree = "<group>"; };
		5D6F768520331F000045D582 /* cellAllEventsController.swift */ = {isa = PBXFileReference; lastKnownFileType = sourcecode.swift; path = cellAllEventsController.swift; sourceTree = "<group>"; };
		5D73FE1B2032F80B007FB93A /* allEvents.storyboard */ = {isa = PBXFileReference; lastKnownFileType = file.storyboard; path = allEvents.storyboard; sourceTree = "<group>"; };
		5D73FE1D2032F90B007FB93A /* about.storyboard */ = {isa = PBXFileReference; lastKnownFileType = file.storyboard; path = about.storyboard; sourceTree = "<group>"; };
		5D73FE1F2032FA7E007FB93A /* home.storyboard */ = {isa = PBXFileReference; lastKnownFileType = file.storyboard; path = home.storyboard; sourceTree = "<group>"; };
		5D73FE212032FA91007FB93A /* singleEvent.storyboard */ = {isa = PBXFileReference; lastKnownFileType = file.storyboard; path = singleEvent.storyboard; sourceTree = "<group>"; };
		5D73FE232032FA9D007FB93A /* favorites.storyboard */ = {isa = PBXFileReference; lastKnownFileType = file.storyboard; path = favorites.storyboard; sourceTree = "<group>"; };
		5D73FE2720330102007FB93A /* allEventsController.swift */ = {isa = PBXFileReference; lastKnownFileType = sourcecode.swift; path = allEventsController.swift; sourceTree = "<group>"; };
		5D98A3CF20348081004ACDBD /* colors.swift */ = {isa = PBXFileReference; lastKnownFileType = sourcecode.swift; path = colors.swift; sourceTree = "<group>"; };
		5DAA453C2031DEE500A7408E /* FNFA.app */ = {isa = PBXFileReference; explicitFileType = wrapper.application; includeInIndex = 0; path = FNFA.app; sourceTree = BUILT_PRODUCTS_DIR; };
		5DAA453F2031DEE500A7408E /* AppDelegate.swift */ = {isa = PBXFileReference; lastKnownFileType = sourcecode.swift; path = AppDelegate.swift; sourceTree = "<group>"; };
		5DAA45442031DEE500A7408E /* Base */ = {isa = PBXFileReference; lastKnownFileType = file.storyboard; name = Base; path = Base.lproj/Main.storyboard; sourceTree = "<group>"; };
		5DAA45492031DEE500A7408E /* Base */ = {isa = PBXFileReference; lastKnownFileType = file.storyboard; name = Base; path = Base.lproj/LaunchScreen.storyboard; sourceTree = "<group>"; };
		5DAA454B2031DEE500A7408E /* Info.plist */ = {isa = PBXFileReference; lastKnownFileType = text.plist.xml; path = Info.plist; sourceTree = "<group>"; };
		5DAA45512031E11500A7408E /* TableViewController.swift */ = {isa = PBXFileReference; lastKnownFileType = sourcecode.swift; path = TableViewController.swift; sourceTree = "<group>"; };
		5DDDE66A205A6F8B00ECD84F /* TabBarController.swift */ = {isa = PBXFileReference; lastKnownFileType = sourcecode.swift; path = TabBarController.swift; sourceTree = "<group>"; };
		A1136DC9205C3BAD00EEA509 /* AboutTransportViewController.swift */ = {isa = PBXFileReference; lastKnownFileType = sourcecode.swift; path = AboutTransportViewController.swift; sourceTree = "<group>"; };
		A1136DCB205C3D2000EEA509 /* AboutTransportCollectionViewCell.swift */ = {isa = PBXFileReference; lastKnownFileType = sourcecode.swift; path = AboutTransportCollectionViewCell.swift; sourceTree = "<group>"; };
		A11B5D81205BE36D00236FAF /* HomeNavigtionController.swift */ = {isa = PBXFileReference; lastKnownFileType = sourcecode.swift; path = HomeNavigtionController.swift; sourceTree = "<group>"; };
		A13057E9203340F4003246AF /* HomeController.swift */ = {isa = PBXFileReference; lastKnownFileType = sourcecode.swift; path = HomeController.swift; sourceTree = "<group>"; };
		A13057EB20334188003246AF /* HomeCollectionViewCell.swift */ = {isa = PBXFileReference; lastKnownFileType = sourcecode.swift; path = HomeCollectionViewCell.swift; sourceTree = "<group>"; };
		A16C69D7205AEE8900DFA1CC /* Extensions.swift */ = {isa = PBXFileReference; lastKnownFileType = sourcecode.swift; path = Extensions.swift; sourceTree = "<group>"; };
		A16CA5A5203C8104007ADAB4 /* Assets.xcassets */ = {isa = PBXFileReference; lastKnownFileType = folder.assetcatalog; path = Assets.xcassets; sourceTree = "<group>"; };
		A1FABCCF20568BD70001F3CE /* HomeHeaderViewController.swift */ = {isa = PBXFileReference; lastKnownFileType = sourcecode.swift; path = HomeHeaderViewController.swift; sourceTree = "<group>"; };
		A1FD4E27203C36FF002700B9 /* Raleway-Black.ttf */ = {isa = PBXFileReference; lastKnownFileType = file; path = "Raleway-Black.ttf"; sourceTree = "<group>"; };
		A1FD4E28203C36FF002700B9 /* Raleway-BlackItalic.ttf */ = {isa = PBXFileReference; lastKnownFileType = file; path = "Raleway-BlackItalic.ttf"; sourceTree = "<group>"; };
		A1FD4E29203C36FF002700B9 /* Raleway-Bold.ttf */ = {isa = PBXFileReference; lastKnownFileType = file; path = "Raleway-Bold.ttf"; sourceTree = "<group>"; };
		A1FD4E2A203C36FF002700B9 /* Raleway-BoldItalic.ttf */ = {isa = PBXFileReference; lastKnownFileType = file; path = "Raleway-BoldItalic.ttf"; sourceTree = "<group>"; };
		A1FD4E2B203C36FF002700B9 /* Raleway-ExtraBold.ttf */ = {isa = PBXFileReference; lastKnownFileType = file; path = "Raleway-ExtraBold.ttf"; sourceTree = "<group>"; };
		A1FD4E2C203C36FF002700B9 /* Raleway-ExtraBoldItalic.ttf */ = {isa = PBXFileReference; lastKnownFileType = file; path = "Raleway-ExtraBoldItalic.ttf"; sourceTree = "<group>"; };
		A1FD4E2D203C36FF002700B9 /* Raleway-ExtraLight.ttf */ = {isa = PBXFileReference; lastKnownFileType = file; path = "Raleway-ExtraLight.ttf"; sourceTree = "<group>"; };
		A1FD4E2E203C36FF002700B9 /* Raleway-ExtraLightItalic.ttf */ = {isa = PBXFileReference; lastKnownFileType = file; path = "Raleway-ExtraLightItalic.ttf"; sourceTree = "<group>"; };
		A1FD4E2F203C36FF002700B9 /* Raleway-Italic.ttf */ = {isa = PBXFileReference; lastKnownFileType = file; path = "Raleway-Italic.ttf"; sourceTree = "<group>"; };
		A1FD4E30203C36FF002700B9 /* Raleway-Light.ttf */ = {isa = PBXFileReference; lastKnownFileType = file; path = "Raleway-Light.ttf"; sourceTree = "<group>"; };
		A1FD4E31203C36FF002700B9 /* Raleway-LightItalic.ttf */ = {isa = PBXFileReference; lastKnownFileType = file; path = "Raleway-LightItalic.ttf"; sourceTree = "<group>"; };
		A1FD4E32203C36FF002700B9 /* Raleway-Medium.ttf */ = {isa = PBXFileReference; lastKnownFileType = file; path = "Raleway-Medium.ttf"; sourceTree = "<group>"; };
		A1FD4E33203C36FF002700B9 /* Raleway-MediumItalic.ttf */ = {isa = PBXFileReference; lastKnownFileType = file; path = "Raleway-MediumItalic.ttf"; sourceTree = "<group>"; };
		A1FD4E34203C36FF002700B9 /* Raleway-Regular.ttf */ = {isa = PBXFileReference; lastKnownFileType = file; path = "Raleway-Regular.ttf"; sourceTree = "<group>"; };
		A1FD4E35203C36FF002700B9 /* Raleway-SemiBold.ttf */ = {isa = PBXFileReference; lastKnownFileType = file; path = "Raleway-SemiBold.ttf"; sourceTree = "<group>"; };
		A1FD4E36203C36FF002700B9 /* Raleway-SemiBoldItalic.ttf */ = {isa = PBXFileReference; lastKnownFileType = file; path = "Raleway-SemiBoldItalic.ttf"; sourceTree = "<group>"; };
		A1FD4E37203C36FF002700B9 /* Raleway-Thin.ttf */ = {isa = PBXFileReference; lastKnownFileType = file; path = "Raleway-Thin.ttf"; sourceTree = "<group>"; };
		A1FD4E38203C36FF002700B9 /* Raleway-ThinItalic.ttf */ = {isa = PBXFileReference; lastKnownFileType = file; path = "Raleway-ThinItalic.ttf"; sourceTree = "<group>"; };
		A1FD4E4C203C3913002700B9 /* Montserrat-Black.ttf */ = {isa = PBXFileReference; lastKnownFileType = file; path = "Montserrat-Black.ttf"; sourceTree = "<group>"; };
		A1FD4E4D203C3913002700B9 /* Montserrat-BlackItalic.ttf */ = {isa = PBXFileReference; lastKnownFileType = file; path = "Montserrat-BlackItalic.ttf"; sourceTree = "<group>"; };
		A1FD4E4E203C3913002700B9 /* Montserrat-Bold.ttf */ = {isa = PBXFileReference; lastKnownFileType = file; path = "Montserrat-Bold.ttf"; sourceTree = "<group>"; };
		A1FD4E4F203C3913002700B9 /* Montserrat-BoldItalic.ttf */ = {isa = PBXFileReference; lastKnownFileType = file; path = "Montserrat-BoldItalic.ttf"; sourceTree = "<group>"; };
		A1FD4E50203C3913002700B9 /* Montserrat-ExtraBold.ttf */ = {isa = PBXFileReference; lastKnownFileType = file; path = "Montserrat-ExtraBold.ttf"; sourceTree = "<group>"; };
		A1FD4E51203C3913002700B9 /* Montserrat-ExtraBoldItalic.ttf */ = {isa = PBXFileReference; lastKnownFileType = file; path = "Montserrat-ExtraBoldItalic.ttf"; sourceTree = "<group>"; };
		A1FD4E52203C3913002700B9 /* Montserrat-ExtraLight.ttf */ = {isa = PBXFileReference; lastKnownFileType = file; path = "Montserrat-ExtraLight.ttf"; sourceTree = "<group>"; };
		A1FD4E53203C3913002700B9 /* Montserrat-ExtraLightItalic.ttf */ = {isa = PBXFileReference; lastKnownFileType = file; path = "Montserrat-ExtraLightItalic.ttf"; sourceTree = "<group>"; };
		A1FD4E54203C3913002700B9 /* Montserrat-Italic.ttf */ = {isa = PBXFileReference; lastKnownFileType = file; path = "Montserrat-Italic.ttf"; sourceTree = "<group>"; };
		A1FD4E55203C3913002700B9 /* Montserrat-Light.ttf */ = {isa = PBXFileReference; lastKnownFileType = file; path = "Montserrat-Light.ttf"; sourceTree = "<group>"; };
		A1FD4E56203C3913002700B9 /* Montserrat-LightItalic.ttf */ = {isa = PBXFileReference; lastKnownFileType = file; path = "Montserrat-LightItalic.ttf"; sourceTree = "<group>"; };
		A1FD4E57203C3913002700B9 /* Montserrat-Medium.ttf */ = {isa = PBXFileReference; lastKnownFileType = file; path = "Montserrat-Medium.ttf"; sourceTree = "<group>"; };
		A1FD4E58203C3913002700B9 /* Montserrat-MediumItalic.ttf */ = {isa = PBXFileReference; lastKnownFileType = file; path = "Montserrat-MediumItalic.ttf"; sourceTree = "<group>"; };
		A1FD4E59203C3913002700B9 /* Montserrat-Regular.ttf */ = {isa = PBXFileReference; lastKnownFileType = file; path = "Montserrat-Regular.ttf"; sourceTree = "<group>"; };
		A1FD4E5A203C3913002700B9 /* Montserrat-SemiBold.ttf */ = {isa = PBXFileReference; lastKnownFileType = file; path = "Montserrat-SemiBold.ttf"; sourceTree = "<group>"; };
		A1FD4E5B203C3913002700B9 /* Montserrat-SemiBoldItalic.ttf */ = {isa = PBXFileReference; lastKnownFileType = file; path = "Montserrat-SemiBoldItalic.ttf"; sourceTree = "<group>"; };
		A1FD4E5C203C3913002700B9 /* Montserrat-Thin.ttf */ = {isa = PBXFileReference; lastKnownFileType = file; path = "Montserrat-Thin.ttf"; sourceTree = "<group>"; };
		A1FD4E5D203C3913002700B9 /* Montserrat-ThinItalic.ttf */ = {isa = PBXFileReference; lastKnownFileType = file; path = "Montserrat-ThinItalic.ttf"; sourceTree = "<group>"; };
		FA109CF620360E2100B54CAD /* HomeTableViewController.swift */ = {isa = PBXFileReference; lastKnownFileType = sourcecode.swift; path = HomeTableViewController.swift; sourceTree = "<group>"; };
		FA109CF920364BC600B54CAD /* HomeMySelectionViewController.swift */ = {isa = PBXFileReference; lastKnownFileType = sourcecode.swift; path = HomeMySelectionViewController.swift; sourceTree = "<group>"; };
		FA109CFB20364DBE00B54CAD /* HomeMySelectionCollectionViewCell.swift */ = {isa = PBXFileReference; lastKnownFileType = sourcecode.swift; path = HomeMySelectionCollectionViewCell.swift; sourceTree = "<group>"; };
		FA109CFE2036605C00B54CAD /* HomeTodayViewController.swift */ = {isa = PBXFileReference; lastKnownFileType = sourcecode.swift; path = HomeTodayViewController.swift; sourceTree = "<group>"; };
		FA109D002036618A00B54CAD /* HomeTodayCollectionViewCell.swift */ = {isa = PBXFileReference; lastKnownFileType = sourcecode.swift; path = HomeTodayCollectionViewCell.swift; sourceTree = "<group>"; };
		FA109D032036672500B54CAD /* HomeTomorrowCollectionViewCell.swift */ = {isa = PBXFileReference; lastKnownFileType = sourcecode.swift; path = HomeTomorrowCollectionViewCell.swift; sourceTree = "<group>"; };
		FA109D052036676D00B54CAD /* HomeTomorrowViewController.swift */ = {isa = PBXFileReference; lastKnownFileType = sourcecode.swift; path = HomeTomorrowViewController.swift; sourceTree = "<group>"; };
		FA6F7E23205EBEF2004131D6 /* HomeThirdDayViewController.swift */ = {isa = PBXFileReference; lastKnownFileType = sourcecode.swift; path = HomeThirdDayViewController.swift; sourceTree = "<group>"; };
		FA6F7E25205EDB11004131D6 /* HomeThirdDayCollectionViewCell.swift */ = {isa = PBXFileReference; lastKnownFileType = sourcecode.swift; path = HomeThirdDayCollectionViewCell.swift; sourceTree = "<group>"; };
		FA894D7D205DD3A900339F8B /* transports.json */ = {isa = PBXFileReference; fileEncoding = 4; lastKnownFileType = text.json; path = transports.json; sourceTree = "<group>"; };
/* End PBXFileReference section */

/* Begin PBXFrameworksBuildPhase section */
		5DAA45392031DEE500A7408E /* Frameworks */ = {
			isa = PBXFrameworksBuildPhase;
			buildActionMask = 2147483647;
			files = (
			);
			runOnlyForDeploymentPostprocessing = 0;
		};
/* End PBXFrameworksBuildPhase section */

/* Begin PBXGroup section */
		005804CD204305570055F42F /* singleEvent */ = {
			isa = PBXGroup;
			children = (
				5D73FE212032FA91007FB93A /* singleEvent.storyboard */,
				005804D020430B5C0055F42F /* SingleEventController.swift */,
			);
			path = singleEvent;
			sourceTree = "<group>";
		};
		5D2CD57420343E620023073E /* favorites */ = {
			isa = PBXGroup;
			children = (
				5D73FE232032FA9D007FB93A /* favorites.storyboard */,
				5D2CD57520343E7E0023073E /* favoritesController.swift */,
				0033E734205D416B00FDD501 /* HeaderView.swift */,
				0033E735205D416B00FDD501 /* HeaderView.xib */,
				5D2CD5772034463C0023073E /* cellFavoritesController.swift */,
			);
			path = favorites;
			sourceTree = "<group>";
		};
		5D5060062031E325009F7E03 /* JSON Files */ = {
			isa = PBXGroup;
			children = (
				FA894D7D205DD3A900339F8B /* transports.json */,
				5D5060002031E31D009F7E03 /* categories.json */,
				5D5060012031E31D009F7E03 /* events.json */,
				5D5060022031E31D009F7E03 /* places.json */,
			);
			path = "JSON Files";
			sourceTree = "<group>";
		};
		5D6F767F20331D570045D582 /* utils */ = {
			isa = PBXGroup;
			children = (
				5D6F768020331D980045D582 /* dateFormatter.swift */,
				5D98A3CF20348081004ACDBD /* colors.swift */,
				A16C69D7205AEE8900DFA1CC /* Extensions.swift */,
			);
			path = utils;
			sourceTree = "<group>";
		};
		5D6F768220331EBA0045D582 /* allEvents */ = {
			isa = PBXGroup;
			children = (
				5D73FE1B2032F80B007FB93A /* allEvents.storyboard */,
				5D73FE2720330102007FB93A /* allEventsController.swift */,
				00F18DFC205559CF0048479E /* DropDownController.swift */,
				5D6F768520331F000045D582 /* cellAllEventsController.swift */,
			);
			path = allEvents;
			sourceTree = "<group>";
		};
		5DAA45332031DEE500A7408E = {
			isa = PBXGroup;
			children = (
				5DAA453E2031DEE500A7408E /* FNFA */,
				5DAA453D2031DEE500A7408E /* Products */,
			);
			sourceTree = "<group>";
		};
		5DAA453D2031DEE500A7408E /* Products */ = {
			isa = PBXGroup;
			children = (
				5DAA453C2031DEE500A7408E /* FNFA.app */,
			);
			name = Products;
			sourceTree = "<group>";
		};
		5DAA453E2031DEE500A7408E /* FNFA */ = {
			isa = PBXGroup;
			children = (
				A16CA5A5203C8104007ADAB4 /* Assets.xcassets */,
				A1FD4E24203C369E002700B9 /* Ressource */,
				5DAA453F2031DEE500A7408E /* AppDelegate.swift */,
				5D6F767F20331D570045D582 /* utils */,
				5DAA45512031E11500A7408E /* TableViewController.swift */,
				5D5060092031E456009F7E03 /* ModelController.swift */,
				5DAA45432031DEE500A7408E /* Main.storyboard */,
				5D6F768220331EBA0045D582 /* allEvents */,
				005804CD204305570055F42F /* singleEvent */,
				A13057ED20334425003246AF /* Home */,
				5D2CD57420343E620023073E /* favorites */,
				A11B5D83205C27D200236FAF /* About */,
				FA5707EF205B408000E204A4 /* LunchScreen */,
				5DAA454B2031DEE500A7408E /* Info.plist */,
				5D5060062031E325009F7E03 /* JSON Files */,
				5DDDE66A205A6F8B00ECD84F /* TabBarController.swift */,
			);
			path = FNFA;
			sourceTree = "<group>";
		};
		A1136DCD205C40F800EEA509 /* Transport */ = {
			isa = PBXGroup;
			children = (
				A1136DC9205C3BAD00EEA509 /* AboutTransportViewController.swift */,
				A1136DCB205C3D2000EEA509 /* AboutTransportCollectionViewCell.swift */,
			);
			path = Transport;
			sourceTree = "<group>";
		};
		A11B5D83205C27D200236FAF /* About */ = {
			isa = PBXGroup;
			children = (
				5D73FE1D2032F90B007FB93A /* about.storyboard */,
				5D0B822A205978A000F719E4 /* aboutController.swift */,
				A1136DCD205C40F800EEA509 /* Transport */,
			);
			path = About;
			sourceTree = "<group>";
		};
		A13057ED20334425003246AF /* Home */ = {
			isa = PBXGroup;
			children = (
				A1FABCCE20568B2F0001F3CE /* Header */,
				FA109CF82036149D00B54CAD /* My selection */,
				FA109CFD2036600E00B54CAD /* Today */,
				FA109D02203666F900B54CAD /* Tomorrow */,
				FA6F7E22205EB421004131D6 /* ThirdDay */,
				5D73FE1F2032FA7E007FB93A /* home.storyboard */,
				A11B5D81205BE36D00236FAF /* HomeNavigtionController.swift */,
				FA109CF620360E2100B54CAD /* HomeTableViewController.swift */,
				A13057EB20334188003246AF /* HomeCollectionViewCell.swift */,
				A13057E9203340F4003246AF /* HomeController.swift */,
			);
			path = Home;
			sourceTree = "<group>";
		};
		A1FABCCE20568B2F0001F3CE /* Header */ = {
			isa = PBXGroup;
			children = (
				A1FABCCF20568BD70001F3CE /* HomeHeaderViewController.swift */,
			);
			path = Header;
			sourceTree = "<group>";
		};
		A1FD4E24203C369E002700B9 /* Ressource */ = {
			isa = PBXGroup;
			children = (
				A1FD4E25203C36B1002700B9 /* Font */,
			);
			path = Ressource;
			sourceTree = "<group>";
		};
		A1FD4E25203C36B1002700B9 /* Font */ = {
			isa = PBXGroup;
			children = (
				A1FD4E4B203C3913002700B9 /* Montserrat */,
				A1FD4E26203C36FF002700B9 /* Raleway */,
			);
			path = Font;
			sourceTree = "<group>";
		};
		A1FD4E26203C36FF002700B9 /* Raleway */ = {
			isa = PBXGroup;
			children = (
				A1FD4E27203C36FF002700B9 /* Raleway-Black.ttf */,
				A1FD4E28203C36FF002700B9 /* Raleway-BlackItalic.ttf */,
				A1FD4E29203C36FF002700B9 /* Raleway-Bold.ttf */,
				A1FD4E2A203C36FF002700B9 /* Raleway-BoldItalic.ttf */,
				A1FD4E2B203C36FF002700B9 /* Raleway-ExtraBold.ttf */,
				A1FD4E2C203C36FF002700B9 /* Raleway-ExtraBoldItalic.ttf */,
				A1FD4E2D203C36FF002700B9 /* Raleway-ExtraLight.ttf */,
				A1FD4E2E203C36FF002700B9 /* Raleway-ExtraLightItalic.ttf */,
				A1FD4E2F203C36FF002700B9 /* Raleway-Italic.ttf */,
				A1FD4E30203C36FF002700B9 /* Raleway-Light.ttf */,
				A1FD4E31203C36FF002700B9 /* Raleway-LightItalic.ttf */,
				A1FD4E32203C36FF002700B9 /* Raleway-Medium.ttf */,
				A1FD4E33203C36FF002700B9 /* Raleway-MediumItalic.ttf */,
				A1FD4E34203C36FF002700B9 /* Raleway-Regular.ttf */,
				A1FD4E35203C36FF002700B9 /* Raleway-SemiBold.ttf */,
				A1FD4E36203C36FF002700B9 /* Raleway-SemiBoldItalic.ttf */,
				A1FD4E37203C36FF002700B9 /* Raleway-Thin.ttf */,
				A1FD4E38203C36FF002700B9 /* Raleway-ThinItalic.ttf */,
			);
			path = Raleway;
			sourceTree = "<group>";
		};
		A1FD4E4B203C3913002700B9 /* Montserrat */ = {
			isa = PBXGroup;
			children = (
				A1FD4E4C203C3913002700B9 /* Montserrat-Black.ttf */,
				A1FD4E4D203C3913002700B9 /* Montserrat-BlackItalic.ttf */,
				A1FD4E4E203C3913002700B9 /* Montserrat-Bold.ttf */,
				A1FD4E4F203C3913002700B9 /* Montserrat-BoldItalic.ttf */,
				A1FD4E50203C3913002700B9 /* Montserrat-ExtraBold.ttf */,
				A1FD4E51203C3913002700B9 /* Montserrat-ExtraBoldItalic.ttf */,
				A1FD4E52203C3913002700B9 /* Montserrat-ExtraLight.ttf */,
				A1FD4E53203C3913002700B9 /* Montserrat-ExtraLightItalic.ttf */,
				A1FD4E54203C3913002700B9 /* Montserrat-Italic.ttf */,
				A1FD4E55203C3913002700B9 /* Montserrat-Light.ttf */,
				A1FD4E56203C3913002700B9 /* Montserrat-LightItalic.ttf */,
				A1FD4E57203C3913002700B9 /* Montserrat-Medium.ttf */,
				A1FD4E58203C3913002700B9 /* Montserrat-MediumItalic.ttf */,
				A1FD4E59203C3913002700B9 /* Montserrat-Regular.ttf */,
				A1FD4E5A203C3913002700B9 /* Montserrat-SemiBold.ttf */,
				A1FD4E5B203C3913002700B9 /* Montserrat-SemiBoldItalic.ttf */,
				A1FD4E5C203C3913002700B9 /* Montserrat-Thin.ttf */,
				A1FD4E5D203C3913002700B9 /* Montserrat-ThinItalic.ttf */,
			);
			path = Montserrat;
			sourceTree = "<group>";
		};
		FA109CF82036149D00B54CAD /* My selection */ = {
			isa = PBXGroup;
			children = (
				FA109CF920364BC600B54CAD /* HomeMySelectionViewController.swift */,
				FA109CFB20364DBE00B54CAD /* HomeMySelectionCollectionViewCell.swift */,
			);
			path = "My selection";
			sourceTree = "<group>";
		};
		FA109CFD2036600E00B54CAD /* Today */ = {
			isa = PBXGroup;
			children = (
				FA109CFE2036605C00B54CAD /* HomeTodayViewController.swift */,
				FA109D002036618A00B54CAD /* HomeTodayCollectionViewCell.swift */,
			);
			path = Today;
			sourceTree = "<group>";
		};
		FA109D02203666F900B54CAD /* Tomorrow */ = {
			isa = PBXGroup;
			children = (
				FA109D052036676D00B54CAD /* HomeTomorrowViewController.swift */,
				FA109D032036672500B54CAD /* HomeTomorrowCollectionViewCell.swift */,
			);
			path = Tomorrow;
			sourceTree = "<group>";
		};
		FA5707EF205B408000E204A4 /* LunchScreen */ = {
			isa = PBXGroup;
			children = (
				5DAA45482031DEE500A7408E /* LaunchScreen.storyboard */,
			);
			path = LunchScreen;
			sourceTree = "<group>";
		};
		FA6F7E22205EB421004131D6 /* ThirdDay */ = {
			isa = PBXGroup;
			children = (
				FA6F7E23205EBEF2004131D6 /* HomeThirdDayViewController.swift */,
				FA6F7E25205EDB11004131D6 /* HomeThirdDayCollectionViewCell.swift */,
			);
			path = ThirdDay;
			sourceTree = "<group>";
		};
/* End PBXGroup section */

/* Begin PBXNativeTarget section */
		5DAA453B2031DEE500A7408E /* FNFA */ = {
			isa = PBXNativeTarget;
			buildConfigurationList = 5DAA454E2031DEE500A7408E /* Build configuration list for PBXNativeTarget "FNFA" */;
			buildPhases = (
				5DAA45382031DEE500A7408E /* Sources */,
				5DAA45392031DEE500A7408E /* Frameworks */,
				5DAA453A2031DEE500A7408E /* Resources */,
			);
			buildRules = (
			);
			dependencies = (
			);
			name = FNFA;
			productName = FNFA;
			productReference = 5DAA453C2031DEE500A7408E /* FNFA.app */;
			productType = "com.apple.product-type.application";
		};
/* End PBXNativeTarget section */

/* Begin PBXProject section */
		5DAA45342031DEE500A7408E /* Project object */ = {
			isa = PBXProject;
			attributes = {
				LastSwiftUpdateCheck = 0920;
				LastUpgradeCheck = 0920;
				ORGANIZATIONNAME = "MINERVINI Robin";
				TargetAttributes = {
					5DAA453B2031DEE500A7408E = {
						CreatedOnToolsVersion = 9.2;
						ProvisioningStyle = Automatic;
					};
				};
			};
			buildConfigurationList = 5DAA45372031DEE500A7408E /* Build configuration list for PBXProject "FNFA" */;
			compatibilityVersion = "Xcode 8.0";
			developmentRegion = en;
			hasScannedForEncodings = 0;
			knownRegions = (
				en,
				Base,
			);
			mainGroup = 5DAA45332031DEE500A7408E;
			productRefGroup = 5DAA453D2031DEE500A7408E /* Products */;
			projectDirPath = "";
			projectRoot = "";
			targets = (
				5DAA453B2031DEE500A7408E /* FNFA */,
			);
		};
/* End PBXProject section */

/* Begin PBXResourcesBuildPhase section */
		5DAA453A2031DEE500A7408E /* Resources */ = {
			isa = PBXResourcesBuildPhase;
			buildActionMask = 2147483647;
			files = (
				5DAA454A2031DEE500A7408E /* LaunchScreen.storyboard in Resources */,
				A1FD4E4A203C36FF002700B9 /* Raleway-ThinItalic.ttf in Resources */,
				5D5060032031E31D009F7E03 /* categories.json in Resources */,
				0033E737205D416B00FDD501 /* HeaderView.xib in Resources */,
				A1FD4E3F203C36FF002700B9 /* Raleway-ExtraLight.ttf in Resources */,
				A1FD4E69203C3913002700B9 /* Montserrat-Medium.ttf in Resources */,
				A1FD4E42203C36FF002700B9 /* Raleway-Light.ttf in Resources */,
				5D73FE1E2032F90B007FB93A /* about.storyboard in Resources */,
				5D73FE222032FA91007FB93A /* singleEvent.storyboard in Resources */,
				A1FD4E40203C36FF002700B9 /* Raleway-ExtraLightItalic.ttf in Resources */,
				A1FD4E68203C3913002700B9 /* Montserrat-LightItalic.ttf in Resources */,
				A1FD4E41203C36FF002700B9 /* Raleway-Italic.ttf in Resources */,
				5D5060042031E31D009F7E03 /* events.json in Resources */,
				A1FD4E48203C36FF002700B9 /* Raleway-SemiBoldItalic.ttf in Resources */,
				A1FD4E6B203C3913002700B9 /* Montserrat-Regular.ttf in Resources */,
				A1FD4E5E203C3913002700B9 /* Montserrat-Black.ttf in Resources */,
				A1FD4E67203C3913002700B9 /* Montserrat-Light.ttf in Resources */,
				A1FD4E6E203C3913002700B9 /* Montserrat-Thin.ttf in Resources */,
				A1FD4E60203C3913002700B9 /* Montserrat-Bold.ttf in Resources */,
				A1FD4E6A203C3913002700B9 /* Montserrat-MediumItalic.ttf in Resources */,
				A1FD4E6D203C3913002700B9 /* Montserrat-SemiBoldItalic.ttf in Resources */,
				A1FD4E64203C3913002700B9 /* Montserrat-ExtraLight.ttf in Resources */,
				A1FD4E47203C36FF002700B9 /* Raleway-SemiBold.ttf in Resources */,
				5D73FE202032FA7E007FB93A /* home.storyboard in Resources */,
				A1FD4E6F203C3913002700B9 /* Montserrat-ThinItalic.ttf in Resources */,
				A16CA5A6203C8104007ADAB4 /* Assets.xcassets in Resources */,
				A1FD4E61203C3913002700B9 /* Montserrat-BoldItalic.ttf in Resources */,
				5D5060052031E31D009F7E03 /* places.json in Resources */,
				A1FD4E62203C3913002700B9 /* Montserrat-ExtraBold.ttf in Resources */,
				A1FD4E49203C36FF002700B9 /* Raleway-Thin.ttf in Resources */,
				A1FD4E46203C36FF002700B9 /* Raleway-Regular.ttf in Resources */,
				A1FD4E3E203C36FF002700B9 /* Raleway-ExtraBoldItalic.ttf in Resources */,
				A1FD4E3B203C36FF002700B9 /* Raleway-Bold.ttf in Resources */,
				A1FD4E3D203C36FF002700B9 /* Raleway-ExtraBold.ttf in Resources */,
				FA894D7E205DD3A900339F8B /* transports.json in Resources */,
				5D73FE242032FA9D007FB93A /* favorites.storyboard in Resources */,
				A1FD4E66203C3913002700B9 /* Montserrat-Italic.ttf in Resources */,
				A1FD4E39203C36FF002700B9 /* Raleway-Black.ttf in Resources */,
				A1FD4E3A203C36FF002700B9 /* Raleway-BlackItalic.ttf in Resources */,
				A1FD4E6C203C3913002700B9 /* Montserrat-SemiBold.ttf in Resources */,
				A1FD4E3C203C36FF002700B9 /* Raleway-BoldItalic.ttf in Resources */,
				A1FD4E43203C36FF002700B9 /* Raleway-LightItalic.ttf in Resources */,
				5DAA45452031DEE500A7408E /* Main.storyboard in Resources */,
				A1FD4E45203C36FF002700B9 /* Raleway-MediumItalic.ttf in Resources */,
				5D73FE1C2032F80B007FB93A /* allEvents.storyboard in Resources */,
				A1FD4E63203C3913002700B9 /* Montserrat-ExtraBoldItalic.ttf in Resources */,
				A1FD4E44203C36FF002700B9 /* Raleway-Medium.ttf in Resources */,
				A1FD4E65203C3913002700B9 /* Montserrat-ExtraLightItalic.ttf in Resources */,
				A1FD4E5F203C3913002700B9 /* Montserrat-BlackItalic.ttf in Resources */,
			);
			runOnlyForDeploymentPostprocessing = 0;
		};
/* End PBXResourcesBuildPhase section */

/* Begin PBXSourcesBuildPhase section */
		5DAA45382031DEE500A7408E /* Sources */ = {
			isa = PBXSourcesBuildPhase;
			buildActionMask = 2147483647;
			files = (
				A1136DCA205C3BAD00EEA509 /* AboutTransportViewController.swift in Sources */,
				5D6F768120331D980045D582 /* dateFormatter.swift in Sources */,
				FA6F7E24205EBEF2004131D6 /* HomeThirdDayViewController.swift in Sources */,
				005804D120430B5C0055F42F /* SingleEventController.swift in Sources */,
				A1136DCC205C3D2000EEA509 /* AboutTransportCollectionViewCell.swift in Sources */,
				FA109CFF2036605C00B54CAD /* HomeTodayViewController.swift in Sources */,
				FA109CF720360E2100B54CAD /* HomeTableViewController.swift in Sources */,
				5D0B822B205978A000F719E4 /* aboutController.swift in Sources */,
				5DDDE66B205A6F8B00ECD84F /* TabBarController.swift in Sources */,
				5D50600A2031E456009F7E03 /* ModelController.swift in Sources */,
				5DAA45402031DEE500A7408E /* AppDelegate.swift in Sources */,
				A11B5D82205BE36D00236FAF /* HomeNavigtionController.swift in Sources */,
				5DAA45522031E11500A7408E /* TableViewController.swift in Sources */,
				A1FABCD020568BD70001F3CE /* HomeHeaderViewController.swift in Sources */,
				5D2CD57620343E7E0023073E /* favoritesController.swift in Sources */,
				FA109D012036618A00B54CAD /* HomeTodayCollectionViewCell.swift in Sources */,
				FA109CFA20364BC600B54CAD /* HomeMySelectionViewController.swift in Sources */,
				5D6F768620331F000045D582 /* cellAllEventsController.swift in Sources */,
				5D98A3D020348081004ACDBD /* colors.swift in Sources */,
				00F18DFD205559CF0048479E /* DropDownController.swift in Sources */,
				5D73FE2820330102007FB93A /* allEventsController.swift in Sources */,
				FA109D062036676D00B54CAD /* HomeTomorrowViewController.swift in Sources */,
				5D2CD5782034463C0023073E /* cellFavoritesController.swift in Sources */,
				A16C69D8205AEE8900DFA1CC /* Extensions.swift in Sources */,
				FA6F7E26205EDB11004131D6 /* HomeThirdDayCollectionViewCell.swift in Sources */,
				A13057EA203340F4003246AF /* HomeController.swift in Sources */,
				FA109CFC20364DBE00B54CAD /* HomeMySelectionCollectionViewCell.swift in Sources */,
				FA109D042036672500B54CAD /* HomeTomorrowCollectionViewCell.swift in Sources */,
				A13057EC20334188003246AF /* HomeCollectionViewCell.swift in Sources */,
				0033E736205D416B00FDD501 /* HeaderView.swift in Sources */,
			);
			runOnlyForDeploymentPostprocessing = 0;
		};
/* End PBXSourcesBuildPhase section */

/* Begin PBXVariantGroup section */
		5DAA45432031DEE500A7408E /* Main.storyboard */ = {
			isa = PBXVariantGroup;
			children = (
				5DAA45442031DEE500A7408E /* Base */,
			);
			name = Main.storyboard;
			sourceTree = "<group>";
		};
		5DAA45482031DEE500A7408E /* LaunchScreen.storyboard */ = {
			isa = PBXVariantGroup;
			children = (
				5DAA45492031DEE500A7408E /* Base */,
			);
			name = LaunchScreen.storyboard;
			sourceTree = "<group>";
		};
/* End PBXVariantGroup section */

/* Begin XCBuildConfiguration section */
		5DAA454C2031DEE500A7408E /* Debug */ = {
			isa = XCBuildConfiguration;
			buildSettings = {
				ALWAYS_SEARCH_USER_PATHS = NO;
				CLANG_ANALYZER_NONNULL = YES;
				CLANG_ANALYZER_NUMBER_OBJECT_CONVERSION = YES_AGGRESSIVE;
				CLANG_CXX_LANGUAGE_STANDARD = "gnu++14";
				CLANG_CXX_LIBRARY = "libc++";
				CLANG_ENABLE_MODULES = YES;
				CLANG_ENABLE_OBJC_ARC = YES;
				CLANG_WARN_BLOCK_CAPTURE_AUTORELEASING = YES;
				CLANG_WARN_BOOL_CONVERSION = YES;
				CLANG_WARN_COMMA = YES;
				CLANG_WARN_CONSTANT_CONVERSION = YES;
				CLANG_WARN_DIRECT_OBJC_ISA_USAGE = YES_ERROR;
				CLANG_WARN_DOCUMENTATION_COMMENTS = YES;
				CLANG_WARN_EMPTY_BODY = YES;
				CLANG_WARN_ENUM_CONVERSION = YES;
				CLANG_WARN_INFINITE_RECURSION = YES;
				CLANG_WARN_INT_CONVERSION = YES;
				CLANG_WARN_NON_LITERAL_NULL_CONVERSION = YES;
				CLANG_WARN_OBJC_LITERAL_CONVERSION = YES;
				CLANG_WARN_OBJC_ROOT_CLASS = YES_ERROR;
				CLANG_WARN_RANGE_LOOP_ANALYSIS = YES;
				CLANG_WARN_STRICT_PROTOTYPES = YES;
				CLANG_WARN_SUSPICIOUS_MOVE = YES;
				CLANG_WARN_UNGUARDED_AVAILABILITY = YES_AGGRESSIVE;
				CLANG_WARN_UNREACHABLE_CODE = YES;
				CLANG_WARN__DUPLICATE_METHOD_MATCH = YES;
				CODE_SIGN_IDENTITY = "iPhone Developer";
				COPY_PHASE_STRIP = NO;
				DEBUG_INFORMATION_FORMAT = dwarf;
				ENABLE_STRICT_OBJC_MSGSEND = YES;
				ENABLE_TESTABILITY = YES;
				GCC_C_LANGUAGE_STANDARD = gnu11;
				GCC_DYNAMIC_NO_PIC = NO;
				GCC_NO_COMMON_BLOCKS = YES;
				GCC_OPTIMIZATION_LEVEL = 0;
				GCC_PREPROCESSOR_DEFINITIONS = (
					"DEBUG=1",
					"$(inherited)",
				);
				GCC_WARN_64_TO_32_BIT_CONVERSION = YES;
				GCC_WARN_ABOUT_RETURN_TYPE = YES_ERROR;
				GCC_WARN_UNDECLARED_SELECTOR = YES;
				GCC_WARN_UNINITIALIZED_AUTOS = YES_AGGRESSIVE;
				GCC_WARN_UNUSED_FUNCTION = YES;
				GCC_WARN_UNUSED_VARIABLE = YES;
				IPHONEOS_DEPLOYMENT_TARGET = 11.2;
				MTL_ENABLE_DEBUG_INFO = YES;
				ONLY_ACTIVE_ARCH = YES;
				SDKROOT = iphoneos;
				SWIFT_ACTIVE_COMPILATION_CONDITIONS = DEBUG;
				SWIFT_OPTIMIZATION_LEVEL = "-Onone";
			};
			name = Debug;
		};
		5DAA454D2031DEE500A7408E /* Release */ = {
			isa = XCBuildConfiguration;
			buildSettings = {
				ALWAYS_SEARCH_USER_PATHS = NO;
				CLANG_ANALYZER_NONNULL = YES;
				CLANG_ANALYZER_NUMBER_OBJECT_CONVERSION = YES_AGGRESSIVE;
				CLANG_CXX_LANGUAGE_STANDARD = "gnu++14";
				CLANG_CXX_LIBRARY = "libc++";
				CLANG_ENABLE_MODULES = YES;
				CLANG_ENABLE_OBJC_ARC = YES;
				CLANG_WARN_BLOCK_CAPTURE_AUTORELEASING = YES;
				CLANG_WARN_BOOL_CONVERSION = YES;
				CLANG_WARN_COMMA = YES;
				CLANG_WARN_CONSTANT_CONVERSION = YES;
				CLANG_WARN_DIRECT_OBJC_ISA_USAGE = YES_ERROR;
				CLANG_WARN_DOCUMENTATION_COMMENTS = YES;
				CLANG_WARN_EMPTY_BODY = YES;
				CLANG_WARN_ENUM_CONVERSION = YES;
				CLANG_WARN_INFINITE_RECURSION = YES;
				CLANG_WARN_INT_CONVERSION = YES;
				CLANG_WARN_NON_LITERAL_NULL_CONVERSION = YES;
				CLANG_WARN_OBJC_LITERAL_CONVERSION = YES;
				CLANG_WARN_OBJC_ROOT_CLASS = YES_ERROR;
				CLANG_WARN_RANGE_LOOP_ANALYSIS = YES;
				CLANG_WARN_STRICT_PROTOTYPES = YES;
				CLANG_WARN_SUSPICIOUS_MOVE = YES;
				CLANG_WARN_UNGUARDED_AVAILABILITY = YES_AGGRESSIVE;
				CLANG_WARN_UNREACHABLE_CODE = YES;
				CLANG_WARN__DUPLICATE_METHOD_MATCH = YES;
				CODE_SIGN_IDENTITY = "iPhone Developer";
				COPY_PHASE_STRIP = NO;
				DEBUG_INFORMATION_FORMAT = "dwarf-with-dsym";
				ENABLE_NS_ASSERTIONS = NO;
				ENABLE_STRICT_OBJC_MSGSEND = YES;
				GCC_C_LANGUAGE_STANDARD = gnu11;
				GCC_NO_COMMON_BLOCKS = YES;
				GCC_WARN_64_TO_32_BIT_CONVERSION = YES;
				GCC_WARN_ABOUT_RETURN_TYPE = YES_ERROR;
				GCC_WARN_UNDECLARED_SELECTOR = YES;
				GCC_WARN_UNINITIALIZED_AUTOS = YES_AGGRESSIVE;
				GCC_WARN_UNUSED_FUNCTION = YES;
				GCC_WARN_UNUSED_VARIABLE = YES;
				IPHONEOS_DEPLOYMENT_TARGET = 11.2;
				MTL_ENABLE_DEBUG_INFO = NO;
				SDKROOT = iphoneos;
				SWIFT_OPTIMIZATION_LEVEL = "-Owholemodule";
				VALIDATE_PRODUCT = YES;
			};
			name = Release;
		};
		5DAA454F2031DEE500A7408E /* Debug */ = {
			isa = XCBuildConfiguration;
			buildSettings = {
				ASSETCATALOG_COMPILER_APPICON_NAME = AppIcon;
				CODE_SIGN_STYLE = Automatic;
				DEVELOPMENT_TEAM = Q43SQQN57W;
				INFOPLIST_FILE = FNFA/Info.plist;
				LD_RUNPATH_SEARCH_PATHS = "$(inherited) @executable_path/Frameworks";
				PRODUCT_BUNDLE_IDENTIFIER = gobelins.FNFA;
				PRODUCT_NAME = "$(TARGET_NAME)";
				SWIFT_VERSION = 4.0;
				TARGETED_DEVICE_FAMILY = 1;
			};
			name = Debug;
		};
		5DAA45502031DEE500A7408E /* Release */ = {
			isa = XCBuildConfiguration;
			buildSettings = {
				ASSETCATALOG_COMPILER_APPICON_NAME = AppIcon;
				CODE_SIGN_STYLE = Automatic;
				DEVELOPMENT_TEAM = Q43SQQN57W;
				INFOPLIST_FILE = FNFA/Info.plist;
				LD_RUNPATH_SEARCH_PATHS = "$(inherited) @executable_path/Frameworks";
				PRODUCT_BUNDLE_IDENTIFIER = gobelins.FNFA;
				PRODUCT_NAME = "$(TARGET_NAME)";
				SWIFT_VERSION = 4.0;
				TARGETED_DEVICE_FAMILY = 1;
			};
			name = Release;
		};
/* End XCBuildConfiguration section */

/* Begin XCConfigurationList section */
		5DAA45372031DEE500A7408E /* Build configuration list for PBXProject "FNFA" */ = {
			isa = XCConfigurationList;
			buildConfigurations = (
				5DAA454C2031DEE500A7408E /* Debug */,
				5DAA454D2031DEE500A7408E /* Release */,
			);
			defaultConfigurationIsVisible = 0;
			defaultConfigurationName = Release;
		};
		5DAA454E2031DEE500A7408E /* Build configuration list for PBXNativeTarget "FNFA" */ = {
			isa = XCConfigurationList;
			buildConfigurations = (
				5DAA454F2031DEE500A7408E /* Debug */,
				5DAA45502031DEE500A7408E /* Release */,
			);
			defaultConfigurationIsVisible = 0;
			defaultConfigurationName = Release;
		};
/* End XCConfigurationList section */
	};
	rootObject = 5DAA45342031DEE500A7408E /* Project object */;
}
