// !$*UTF8*$!
{
	archiveVersion = 1;
	classes = {
	};
	objectVersion = 48;
	objects = {

/* Begin PBXBuildFile section */
		5D2CD57620343E7E0023073E /* favoritesController.swift in Sources */ = {isa = PBXBuildFile; fileRef = 5D2CD57520343E7E0023073E /* favoritesController.swift */; };
		5D2CD5782034463C0023073E /* cellFavoritesController.swift in Sources */ = {isa = PBXBuildFile; fileRef = 5D2CD5772034463C0023073E /* cellFavoritesController.swift */; };
		5D5060032031E31D009F7E03 /* categories.json in Resources */ = {isa = PBXBuildFile; fileRef = 5D5060002031E31D009F7E03 /* categories.json */; };
		5D5060042031E31D009F7E03 /* events.json in Resources */ = {isa = PBXBuildFile; fileRef = 5D5060012031E31D009F7E03 /* events.json */; };
		5D5060052031E31D009F7E03 /* places.json in Resources */ = {isa = PBXBuildFile; fileRef = 5D5060022031E31D009F7E03 /* places.json */; };
		5D50600A2031E456009F7E03 /* ModelController.swift in Sources */ = {isa = PBXBuildFile; fileRef = 5D5060092031E456009F7E03 /* ModelController.swift */; };
		5D6F768120331D980045D582 /* dateFormatter.swift in Sources */ = {isa = PBXBuildFile; fileRef = 5D6F768020331D980045D582 /* dateFormatter.swift */; };
		5D6F768620331F000045D582 /* cellAllEventsController.swift in Sources */ = {isa = PBXBuildFile; fileRef = 5D6F768520331F000045D582 /* cellAllEventsController.swift */; };
		5D73FE1C2032F80B007FB93A /* allEvents.storyboard in Resources */ = {isa = PBXBuildFile; fileRef = 5D73FE1B2032F80B007FB93A /* allEvents.storyboard */; };
		5D73FE1E2032F90B007FB93A /* about.storyboard in Resources */ = {isa = PBXBuildFile; fileRef = 5D73FE1D2032F90B007FB93A /* about.storyboard */; };
		5D73FE202032FA7E007FB93A /* home.storyboard in Resources */ = {isa = PBXBuildFile; fileRef = 5D73FE1F2032FA7E007FB93A /* home.storyboard */; };
		5D73FE222032FA91007FB93A /* singleEvent.storyboard in Resources */ = {isa = PBXBuildFile; fileRef = 5D73FE212032FA91007FB93A /* singleEvent.storyboard */; };
		5D73FE242032FA9D007FB93A /* favorites.storyboard in Resources */ = {isa = PBXBuildFile; fileRef = 5D73FE232032FA9D007FB93A /* favorites.storyboard */; };
		5D73FE2820330102007FB93A /* allEventsController.swift in Sources */ = {isa = PBXBuildFile; fileRef = 5D73FE2720330102007FB93A /* allEventsController.swift */; };
		5D98A3D020348081004ACDBD /* colors.swift in Sources */ = {isa = PBXBuildFile; fileRef = 5D98A3CF20348081004ACDBD /* colors.swift */; };
		5DAA45402031DEE500A7408E /* AppDelegate.swift in Sources */ = {isa = PBXBuildFile; fileRef = 5DAA453F2031DEE500A7408E /* AppDelegate.swift */; };
		5DAA45452031DEE500A7408E /* Main.storyboard in Resources */ = {isa = PBXBuildFile; fileRef = 5DAA45432031DEE500A7408E /* Main.storyboard */; };
		5DAA45472031DEE500A7408E /* Assets.xcassets in Resources */ = {isa = PBXBuildFile; fileRef = 5DAA45462031DEE500A7408E /* Assets.xcassets */; };
		5DAA454A2031DEE500A7408E /* LaunchScreen.storyboard in Resources */ = {isa = PBXBuildFile; fileRef = 5DAA45482031DEE500A7408E /* LaunchScreen.storyboard */; };
		5DAA45522031E11500A7408E /* TableViewController.swift in Sources */ = {isa = PBXBuildFile; fileRef = 5DAA45512031E11500A7408E /* TableViewController.swift */; };
		A13057EA203340F4003246AF /* HomeController.swift in Sources */ = {isa = PBXBuildFile; fileRef = A13057E9203340F4003246AF /* HomeController.swift */; };
		A13057EC20334188003246AF /* HomeCollectionViewCell.swift in Sources */ = {isa = PBXBuildFile; fileRef = A13057EB20334188003246AF /* HomeCollectionViewCell.swift */; };
		FA109CF720360E2100B54CAD /* HomeTableViewController.swift in Sources */ = {isa = PBXBuildFile; fileRef = FA109CF620360E2100B54CAD /* HomeTableViewController.swift */; };
		FA109CFA20364BC600B54CAD /* HomeMySelectionViewController.swift in Sources */ = {isa = PBXBuildFile; fileRef = FA109CF920364BC600B54CAD /* HomeMySelectionViewController.swift */; };
		FA109CFC20364DBE00B54CAD /* HomeMySelectionCollectionViewCell.swift in Sources */ = {isa = PBXBuildFile; fileRef = FA109CFB20364DBE00B54CAD /* HomeMySelectionCollectionViewCell.swift */; };
		FA109CFF2036605C00B54CAD /* HomeTodayViewController.swift in Sources */ = {isa = PBXBuildFile; fileRef = FA109CFE2036605C00B54CAD /* HomeTodayViewController.swift */; };
		FA109D012036618A00B54CAD /* HomeTodayCollectionViewCell.swift in Sources */ = {isa = PBXBuildFile; fileRef = FA109D002036618A00B54CAD /* HomeTodayCollectionViewCell.swift */; };
/* End PBXBuildFile section */

/* Begin PBXFileReference section */
		5D2CD57520343E7E0023073E /* favoritesController.swift */ = {isa = PBXFileReference; lastKnownFileType = sourcecode.swift; path = favoritesController.swift; sourceTree = "<group>"; };
		5D2CD5772034463C0023073E /* cellFavoritesController.swift */ = {isa = PBXFileReference; lastKnownFileType = sourcecode.swift; path = cellFavoritesController.swift; sourceTree = "<group>"; };
		5D5060002031E31D009F7E03 /* categories.json */ = {isa = PBXFileReference; fileEncoding = 4; lastKnownFileType = text.json; path = categories.json; sourceTree = "<group>"; };
		5D5060012031E31D009F7E03 /* events.json */ = {isa = PBXFileReference; fileEncoding = 4; lastKnownFileType = text.json; path = events.json; sourceTree = "<group>"; };
		5D5060022031E31D009F7E03 /* places.json */ = {isa = PBXFileReference; fileEncoding = 4; lastKnownFileType = text.json; path = places.json; sourceTree = "<group>"; };
		5D5060092031E456009F7E03 /* ModelController.swift */ = {isa = PBXFileReference; lastKnownFileType = sourcecode.swift; path = ModelController.swift; sourceTree = "<group>"; };
		5D6F768020331D980045D582 /* dateFormatter.swift */ = {isa = PBXFileReference; lastKnownFileType = sourcecode.swift; path = dateFormatter.swift; sourceTree = "<group>"; };
		5D6F768520331F000045D582 /* cellAllEventsController.swift */ = {isa = PBXFileReference; lastKnownFileType = sourcecode.swift; path = cellAllEventsController.swift; sourceTree = "<group>"; };
		5D73FE1B2032F80B007FB93A /* allEvents.storyboard */ = {isa = PBXFileReference; lastKnownFileType = file.storyboard; path = allEvents.storyboard; sourceTree = "<group>"; };
		5D73FE1D2032F90B007FB93A /* about.storyboard */ = {isa = PBXFileReference; lastKnownFileType = file.storyboard; path = about.storyboard; sourceTree = "<group>"; };
		5D73FE1F2032FA7E007FB93A /* home.storyboard */ = {isa = PBXFileReference; lastKnownFileType = file.storyboard; path = home.storyboard; sourceTree = "<group>"; };
		5D73FE212032FA91007FB93A /* singleEvent.storyboard */ = {isa = PBXFileReference; lastKnownFileType = file.storyboard; path = singleEvent.storyboard; sourceTree = "<group>"; };
		5D73FE232032FA9D007FB93A /* favorites.storyboard */ = {isa = PBXFileReference; lastKnownFileType = file.storyboard; path = favorites.storyboard; sourceTree = "<group>"; };
		5D73FE2720330102007FB93A /* allEventsController.swift */ = {isa = PBXFileReference; lastKnownFileType = sourcecode.swift; path = allEventsController.swift; sourceTree = "<group>"; };
		5D98A3CF20348081004ACDBD /* colors.swift */ = {isa = PBXFileReference; lastKnownFileType = sourcecode.swift; path = colors.swift; sourceTree = "<group>"; };
		5DAA453C2031DEE500A7408E /* FNFA.app */ = {isa = PBXFileReference; explicitFileType = wrapper.application; includeInIndex = 0; path = FNFA.app; sourceTree = BUILT_PRODUCTS_DIR; };
		5DAA453F2031DEE500A7408E /* AppDelegate.swift */ = {isa = PBXFileReference; lastKnownFileType = sourcecode.swift; path = AppDelegate.swift; sourceTree = "<group>"; };
		5DAA45442031DEE500A7408E /* Base */ = {isa = PBXFileReference; lastKnownFileType = file.storyboard; name = Base; path = Base.lproj/Main.storyboard; sourceTree = "<group>"; };
		5DAA45462031DEE500A7408E /* Assets.xcassets */ = {isa = PBXFileReference; lastKnownFileType = folder.assetcatalog; path = Assets.xcassets; sourceTree = "<group>"; };
		5DAA45492031DEE500A7408E /* Base */ = {isa = PBXFileReference; lastKnownFileType = file.storyboard; name = Base; path = Base.lproj/LaunchScreen.storyboard; sourceTree = "<group>"; };
		5DAA454B2031DEE500A7408E /* Info.plist */ = {isa = PBXFileReference; lastKnownFileType = text.plist.xml; path = Info.plist; sourceTree = "<group>"; };
		5DAA45512031E11500A7408E /* TableViewController.swift */ = {isa = PBXFileReference; lastKnownFileType = sourcecode.swift; path = TableViewController.swift; sourceTree = "<group>"; };
		A13057E9203340F4003246AF /* HomeController.swift */ = {isa = PBXFileReference; lastKnownFileType = sourcecode.swift; path = HomeController.swift; sourceTree = "<group>"; };
		A13057EB20334188003246AF /* HomeCollectionViewCell.swift */ = {isa = PBXFileReference; lastKnownFileType = sourcecode.swift; path = HomeCollectionViewCell.swift; sourceTree = "<group>"; };
		FA109CF620360E2100B54CAD /* HomeTableViewController.swift */ = {isa = PBXFileReference; lastKnownFileType = sourcecode.swift; path = HomeTableViewController.swift; sourceTree = "<group>"; };
		FA109CF920364BC600B54CAD /* HomeMySelectionViewController.swift */ = {isa = PBXFileReference; lastKnownFileType = sourcecode.swift; path = HomeMySelectionViewController.swift; sourceTree = "<group>"; };
		FA109CFB20364DBE00B54CAD /* HomeMySelectionCollectionViewCell.swift */ = {isa = PBXFileReference; lastKnownFileType = sourcecode.swift; path = HomeMySelectionCollectionViewCell.swift; sourceTree = "<group>"; };
		FA109CFE2036605C00B54CAD /* HomeTodayViewController.swift */ = {isa = PBXFileReference; lastKnownFileType = sourcecode.swift; path = HomeTodayViewController.swift; sourceTree = "<group>"; };
		FA109D002036618A00B54CAD /* HomeTodayCollectionViewCell.swift */ = {isa = PBXFileReference; lastKnownFileType = sourcecode.swift; path = HomeTodayCollectionViewCell.swift; sourceTree = "<group>"; };
/* End PBXFileReference section */

/* Begin PBXFrameworksBuildPhase section */
		5DAA45392031DEE500A7408E /* Frameworks */ = {
			isa = PBXFrameworksBuildPhase;
			buildActionMask = 2147483647;
			files = (
			);
			runOnlyForDeploymentPostprocessing = 0;
		};
/* End PBXFrameworksBuildPhase section */

/* Begin PBXGroup section */
		5D2CD57420343E620023073E /* favorites */ = {
			isa = PBXGroup;
			children = (
				5D73FE232032FA9D007FB93A /* favorites.storyboard */,
				5D2CD57520343E7E0023073E /* favoritesController.swift */,
				5D2CD5772034463C0023073E /* cellFavoritesController.swift */,
			);
			path = favorites;
			sourceTree = "<group>";
		};
		5D5060062031E325009F7E03 /* JSON Files */ = {
			isa = PBXGroup;
			children = (
				5D5060002031E31D009F7E03 /* categories.json */,
				5D5060012031E31D009F7E03 /* events.json */,
				5D5060022031E31D009F7E03 /* places.json */,
			);
			path = "JSON Files";
			sourceTree = "<group>";
		};
		5D6F767F20331D570045D582 /* utils */ = {
			isa = PBXGroup;
			children = (
				5D6F768020331D980045D582 /* dateFormatter.swift */,
				5D98A3CF20348081004ACDBD /* colors.swift */,
			);
			path = utils;
			sourceTree = "<group>";
		};
		5D6F768220331EBA0045D582 /* allEvents */ = {
			isa = PBXGroup;
			children = (
				5D73FE1B2032F80B007FB93A /* allEvents.storyboard */,
				5D73FE2720330102007FB93A /* allEventsController.swift */,
				5D6F768520331F000045D582 /* cellAllEventsController.swift */,
			);
			path = allEvents;
			sourceTree = "<group>";
		};
		5DAA45332031DEE500A7408E = {
			isa = PBXGroup;
			children = (
				5DAA453E2031DEE500A7408E /* FNFA */,
				5DAA453D2031DEE500A7408E /* Products */,
			);
			sourceTree = "<group>";
		};
		5DAA453D2031DEE500A7408E /* Products */ = {
			isa = PBXGroup;
			children = (
				5DAA453C2031DEE500A7408E /* FNFA.app */,
			);
			name = Products;
			sourceTree = "<group>";
		};
		5DAA453E2031DEE500A7408E /* FNFA */ = {
			isa = PBXGroup;
			children = (
				5DAA453F2031DEE500A7408E /* AppDelegate.swift */,
				5D6F767F20331D570045D582 /* utils */,
				5DAA45512031E11500A7408E /* TableViewController.swift */,
				5D5060092031E456009F7E03 /* ModelController.swift */,
				5DAA45432031DEE500A7408E /* Main.storyboard */,
				5D6F768220331EBA0045D582 /* allEvents */,
				A13057ED20334425003246AF /* Home */,
				5D73FE212032FA91007FB93A /* singleEvent.storyboard */,
				5D2CD57420343E620023073E /* favorites */,
				5D73FE1D2032F90B007FB93A /* about.storyboard */,
				5DAA45462031DEE500A7408E /* Assets.xcassets */,
				5DAA45482031DEE500A7408E /* LaunchScreen.storyboard */,
				5DAA454B2031DEE500A7408E /* Info.plist */,
				5D5060062031E325009F7E03 /* JSON Files */,
			);
			path = FNFA;
			sourceTree = "<group>";
		};
		A13057ED20334425003246AF /* Home */ = {
			isa = PBXGroup;
			children = (
				FA109CFD2036600E00B54CAD /* Today */,
				FA109CF82036149D00B54CAD /* My selection */,
				5D73FE1F2032FA7E007FB93A /* home.storyboard */,
				FA109CF620360E2100B54CAD /* HomeTableViewController.swift */,
				A13057EB20334188003246AF /* HomeCollectionViewCell.swift */,
				A13057E9203340F4003246AF /* HomeController.swift */,
			);
			path = Home;
			sourceTree = "<group>";
		};
		FA109CF82036149D00B54CAD /* My selection */ = {
			isa = PBXGroup;
			children = (
				FA109CF920364BC600B54CAD /* HomeMySelectionViewController.swift */,
				FA109CFB20364DBE00B54CAD /* HomeMySelectionCollectionViewCell.swift */,
			);
			path = "My selection";
			sourceTree = "<group>";
		};
		FA109CFD2036600E00B54CAD /* Today */ = {
			isa = PBXGroup;
			children = (
				FA109CFE2036605C00B54CAD /* HomeTodayViewController.swift */,
				FA109D002036618A00B54CAD /* HomeTodayCollectionViewCell.swift */,
			);
			path = Today;
			sourceTree = "<group>";
		};
/* End PBXGroup section */

/* Begin PBXNativeTarget section */
		5DAA453B2031DEE500A7408E /* FNFA */ = {
			isa = PBXNativeTarget;
			buildConfigurationList = 5DAA454E2031DEE500A7408E /* Build configuration list for PBXNativeTarget "FNFA" */;
			buildPhases = (
				5DAA45382031DEE500A7408E /* Sources */,
				5DAA45392031DEE500A7408E /* Frameworks */,
				5DAA453A2031DEE500A7408E /* Resources */,
			);
			buildRules = (
			);
			dependencies = (
			);
			name = FNFA;
			productName = FNFA;
			productReference = 5DAA453C2031DEE500A7408E /* FNFA.app */;
			productType = "com.apple.product-type.application";
		};
/* End PBXNativeTarget section */

/* Begin PBXProject section */
		5DAA45342031DEE500A7408E /* Project object */ = {
			isa = PBXProject;
			attributes = {
				LastSwiftUpdateCheck = 0920;
				LastUpgradeCheck = 0920;
				ORGANIZATIONNAME = "MINERVINI Robin";
				TargetAttributes = {
					5DAA453B2031DEE500A7408E = {
						CreatedOnToolsVersion = 9.2;
						ProvisioningStyle = Automatic;
					};
				};
			};
			buildConfigurationList = 5DAA45372031DEE500A7408E /* Build configuration list for PBXProject "FNFA" */;
			compatibilityVersion = "Xcode 8.0";
			developmentRegion = en;
			hasScannedForEncodings = 0;
			knownRegions = (
				en,
				Base,
			);
			mainGroup = 5DAA45332031DEE500A7408E;
			productRefGroup = 5DAA453D2031DEE500A7408E /* Products */;
			projectDirPath = "";
			projectRoot = "";
			targets = (
				5DAA453B2031DEE500A7408E /* FNFA */,
			);
		};
/* End PBXProject section */

/* Begin PBXResourcesBuildPhase section */
		5DAA453A2031DEE500A7408E /* Resources */ = {
			isa = PBXResourcesBuildPhase;
			buildActionMask = 2147483647;
			files = (
				5DAA454A2031DEE500A7408E /* LaunchScreen.storyboard in Resources */,
				5D5060032031E31D009F7E03 /* categories.json in Resources */,
				5D73FE1E2032F90B007FB93A /* about.storyboard in Resources */,
				5D73FE222032FA91007FB93A /* singleEvent.storyboard in Resources */,
				5D5060042031E31D009F7E03 /* events.json in Resources */,
				5D73FE202032FA7E007FB93A /* home.storyboard in Resources */,
				5D5060052031E31D009F7E03 /* places.json in Resources */,
				5D73FE242032FA9D007FB93A /* favorites.storyboard in Resources */,
				5DAA45472031DEE500A7408E /* Assets.xcassets in Resources */,
				5DAA45452031DEE500A7408E /* Main.storyboard in Resources */,
				5D73FE1C2032F80B007FB93A /* allEvents.storyboard in Resources */,
			);
			runOnlyForDeploymentPostprocessing = 0;
		};
/* End PBXResourcesBuildPhase section */

/* Begin PBXSourcesBuildPhase section */
		5DAA45382031DEE500A7408E /* Sources */ = {
			isa = PBXSourcesBuildPhase;
			buildActionMask = 2147483647;
			files = (
				5D6F768120331D980045D582 /* dateFormatter.swift in Sources */,
				FA109CFF2036605C00B54CAD /* HomeTodayViewController.swift in Sources */,
				FA109CF720360E2100B54CAD /* HomeTableViewController.swift in Sources */,
				5D50600A2031E456009F7E03 /* ModelController.swift in Sources */,
				5DAA45402031DEE500A7408E /* AppDelegate.swift in Sources */,
				5DAA45522031E11500A7408E /* TableViewController.swift in Sources */,
				5D2CD57620343E7E0023073E /* favoritesController.swift in Sources */,
				FA109D012036618A00B54CAD /* HomeTodayCollectionViewCell.swift in Sources */,
				FA109CFA20364BC600B54CAD /* HomeMySelectionViewController.swift in Sources */,
				5D6F768620331F000045D582 /* cellAllEventsController.swift in Sources */,
				5D98A3D020348081004ACDBD /* colors.swift in Sources */,
				5D73FE2820330102007FB93A /* allEventsController.swift in Sources */,
				5D2CD5782034463C0023073E /* cellFavoritesController.swift in Sources */,
				A13057EA203340F4003246AF /* HomeController.swift in Sources */,
				FA109CFC20364DBE00B54CAD /* HomeMySelectionCollectionViewCell.swift in Sources */,
				A13057EC20334188003246AF /* HomeCollectionViewCell.swift in Sources */,
			);
			runOnlyForDeploymentPostprocessing = 0;
		};
/* End PBXSourcesBuildPhase section */

/* Begin PBXVariantGroup section */
		5DAA45432031DEE500A7408E /* Main.storyboard */ = {
			isa = PBXVariantGroup;
			children = (
				5DAA45442031DEE500A7408E /* Base */,
			);
			name = Main.storyboard;
			sourceTree = "<group>";
		};
		5DAA45482031DEE500A7408E /* LaunchScreen.storyboard */ = {
			isa = PBXVariantGroup;
			children = (
				5DAA45492031DEE500A7408E /* Base */,
			);
			name = LaunchScreen.storyboard;
			sourceTree = "<group>";
		};
/* End PBXVariantGroup section */

/* Begin XCBuildConfiguration section */
		5DAA454C2031DEE500A7408E /* Debug */ = {
			isa = XCBuildConfiguration;
			buildSettings = {
				ALWAYS_SEARCH_USER_PATHS = NO;
				CLANG_ANALYZER_NONNULL = YES;
				CLANG_ANALYZER_NUMBER_OBJECT_CONVERSION = YES_AGGRESSIVE;
				CLANG_CXX_LANGUAGE_STANDARD = "gnu++14";
				CLANG_CXX_LIBRARY = "libc++";
				CLANG_ENABLE_MODULES = YES;
				CLANG_ENABLE_OBJC_ARC = YES;
				CLANG_WARN_BLOCK_CAPTURE_AUTORELEASING = YES;
				CLANG_WARN_BOOL_CONVERSION = YES;
				CLANG_WARN_COMMA = YES;
				CLANG_WARN_CONSTANT_CONVERSION = YES;
				CLANG_WARN_DIRECT_OBJC_ISA_USAGE = YES_ERROR;
				CLANG_WARN_DOCUMENTATION_COMMENTS = YES;
				CLANG_WARN_EMPTY_BODY = YES;
				CLANG_WARN_ENUM_CONVERSION = YES;
				CLANG_WARN_INFINITE_RECURSION = YES;
				CLANG_WARN_INT_CONVERSION = YES;
				CLANG_WARN_NON_LITERAL_NULL_CONVERSION = YES;
				CLANG_WARN_OBJC_LITERAL_CONVERSION = YES;
				CLANG_WARN_OBJC_ROOT_CLASS = YES_ERROR;
				CLANG_WARN_RANGE_LOOP_ANALYSIS = YES;
				CLANG_WARN_STRICT_PROTOTYPES = YES;
				CLANG_WARN_SUSPICIOUS_MOVE = YES;
				CLANG_WARN_UNGUARDED_AVAILABILITY = YES_AGGRESSIVE;
				CLANG_WARN_UNREACHABLE_CODE = YES;
				CLANG_WARN__DUPLICATE_METHOD_MATCH = YES;
				CODE_SIGN_IDENTITY = "iPhone Developer";
				COPY_PHASE_STRIP = NO;
				DEBUG_INFORMATION_FORMAT = dwarf;
				ENABLE_STRICT_OBJC_MSGSEND = YES;
				ENABLE_TESTABILITY = YES;
				GCC_C_LANGUAGE_STANDARD = gnu11;
				GCC_DYNAMIC_NO_PIC = NO;
				GCC_NO_COMMON_BLOCKS = YES;
				GCC_OPTIMIZATION_LEVEL = 0;
				GCC_PREPROCESSOR_DEFINITIONS = (
					"DEBUG=1",
					"$(inherited)",
				);
				GCC_WARN_64_TO_32_BIT_CONVERSION = YES;
				GCC_WARN_ABOUT_RETURN_TYPE = YES_ERROR;
				GCC_WARN_UNDECLARED_SELECTOR = YES;
				GCC_WARN_UNINITIALIZED_AUTOS = YES_AGGRESSIVE;
				GCC_WARN_UNUSED_FUNCTION = YES;
				GCC_WARN_UNUSED_VARIABLE = YES;
				IPHONEOS_DEPLOYMENT_TARGET = 11.2;
				MTL_ENABLE_DEBUG_INFO = YES;
				ONLY_ACTIVE_ARCH = YES;
				SDKROOT = iphoneos;
				SWIFT_ACTIVE_COMPILATION_CONDITIONS = DEBUG;
				SWIFT_OPTIMIZATION_LEVEL = "-Onone";
			};
			name = Debug;
		};
		5DAA454D2031DEE500A7408E /* Release */ = {
			isa = XCBuildConfiguration;
			buildSettings = {
				ALWAYS_SEARCH_USER_PATHS = NO;
				CLANG_ANALYZER_NONNULL = YES;
				CLANG_ANALYZER_NUMBER_OBJECT_CONVERSION = YES_AGGRESSIVE;
				CLANG_CXX_LANGUAGE_STANDARD = "gnu++14";
				CLANG_CXX_LIBRARY = "libc++";
				CLANG_ENABLE_MODULES = YES;
				CLANG_ENABLE_OBJC_ARC = YES;
				CLANG_WARN_BLOCK_CAPTURE_AUTORELEASING = YES;
				CLANG_WARN_BOOL_CONVERSION = YES;
				CLANG_WARN_COMMA = YES;
				CLANG_WARN_CONSTANT_CONVERSION = YES;
				CLANG_WARN_DIRECT_OBJC_ISA_USAGE = YES_ERROR;
				CLANG_WARN_DOCUMENTATION_COMMENTS = YES;
				CLANG_WARN_EMPTY_BODY = YES;
				CLANG_WARN_ENUM_CONVERSION = YES;
				CLANG_WARN_INFINITE_RECURSION = YES;
				CLANG_WARN_INT_CONVERSION = YES;
				CLANG_WARN_NON_LITERAL_NULL_CONVERSION = YES;
				CLANG_WARN_OBJC_LITERAL_CONVERSION = YES;
				CLANG_WARN_OBJC_ROOT_CLASS = YES_ERROR;
				CLANG_WARN_RANGE_LOOP_ANALYSIS = YES;
				CLANG_WARN_STRICT_PROTOTYPES = YES;
				CLANG_WARN_SUSPICIOUS_MOVE = YES;
				CLANG_WARN_UNGUARDED_AVAILABILITY = YES_AGGRESSIVE;
				CLANG_WARN_UNREACHABLE_CODE = YES;
				CLANG_WARN__DUPLICATE_METHOD_MATCH = YES;
				CODE_SIGN_IDENTITY = "iPhone Developer";
				COPY_PHASE_STRIP = NO;
				DEBUG_INFORMATION_FORMAT = "dwarf-with-dsym";
				ENABLE_NS_ASSERTIONS = NO;
				ENABLE_STRICT_OBJC_MSGSEND = YES;
				GCC_C_LANGUAGE_STANDARD = gnu11;
				GCC_NO_COMMON_BLOCKS = YES;
				GCC_WARN_64_TO_32_BIT_CONVERSION = YES;
				GCC_WARN_ABOUT_RETURN_TYPE = YES_ERROR;
				GCC_WARN_UNDECLARED_SELECTOR = YES;
				GCC_WARN_UNINITIALIZED_AUTOS = YES_AGGRESSIVE;
				GCC_WARN_UNUSED_FUNCTION = YES;
				GCC_WARN_UNUSED_VARIABLE = YES;
				IPHONEOS_DEPLOYMENT_TARGET = 11.2;
				MTL_ENABLE_DEBUG_INFO = NO;
				SDKROOT = iphoneos;
				SWIFT_OPTIMIZATION_LEVEL = "-Owholemodule";
				VALIDATE_PRODUCT = YES;
			};
			name = Release;
		};
		5DAA454F2031DEE500A7408E /* Debug */ = {
			isa = XCBuildConfiguration;
			buildSettings = {
				ASSETCATALOG_COMPILER_APPICON_NAME = AppIcon;
				CODE_SIGN_STYLE = Automatic;
				INFOPLIST_FILE = FNFA/Info.plist;
				LD_RUNPATH_SEARCH_PATHS = "$(inherited) @executable_path/Frameworks";
				PRODUCT_BUNDLE_IDENTIFIER = fr.gobelins.FNFA;
				PRODUCT_NAME = "$(TARGET_NAME)";
				SWIFT_VERSION = 4.0;
				TARGETED_DEVICE_FAMILY = 1;
			};
			name = Debug;
		};
		5DAA45502031DEE500A7408E /* Release */ = {
			isa = XCBuildConfiguration;
			buildSettings = {
				ASSETCATALOG_COMPILER_APPICON_NAME = AppIcon;
				CODE_SIGN_STYLE = Automatic;
				INFOPLIST_FILE = FNFA/Info.plist;
				LD_RUNPATH_SEARCH_PATHS = "$(inherited) @executable_path/Frameworks";
				PRODUCT_BUNDLE_IDENTIFIER = fr.gobelins.FNFA;
				PRODUCT_NAME = "$(TARGET_NAME)";
				SWIFT_VERSION = 4.0;
				TARGETED_DEVICE_FAMILY = 1;
			};
			name = Release;
		};
/* End XCBuildConfiguration section */

/* Begin XCConfigurationList section */
		5DAA45372031DEE500A7408E /* Build configuration list for PBXProject "FNFA" */ = {
			isa = XCConfigurationList;
			buildConfigurations = (
				5DAA454C2031DEE500A7408E /* Debug */,
				5DAA454D2031DEE500A7408E /* Release */,
			);
			defaultConfigurationIsVisible = 0;
			defaultConfigurationName = Release;
		};
		5DAA454E2031DEE500A7408E /* Build configuration list for PBXNativeTarget "FNFA" */ = {
			isa = XCConfigurationList;
			buildConfigurations = (
				5DAA454F2031DEE500A7408E /* Debug */,
				5DAA45502031DEE500A7408E /* Release */,
			);
			defaultConfigurationIsVisible = 0;
			defaultConfigurationName = Release;
		};
/* End XCConfigurationList section */
	};
	rootObject = 5DAA45342031DEE500A7408E /* Project object */;
}
